{
  "name": "behavior",
  "lockfileVersion": 2,
  "requires": true,
  "packages": {
    "": {
      "devDependencies": {
        "@types/mojang-gametest": "^0.1.4",
        "@types/mojang-minecraft": "^0.1.5"
      }
    },
    "node_modules/@types/mojang-gametest": {
      "version": "0.1.4",
      "resolved": "https://registry.npmjs.org/@types/mojang-gametest/-/mojang-gametest-0.1.4.tgz",
      "integrity": "sha512-rMUhPK8SnepbuL0vE9DfJknhA7LfAMlmtCxqTT9Pb3wEouJ2phvXvXTuo5uDqFxgwMRyISlalycBkR8rL3Od0Q==",
      "dev": true,
      "dependencies": {
        "@types/mojang-minecraft": "*"
      }
    },
    "node_modules/@types/mojang-minecraft": {
      "version": "0.1.5",
      "resolved": "https://registry.npmjs.org/@types/mojang-minecraft/-/mojang-minecraft-0.1.5.tgz",
      "integrity": "sha512-q6TcsBiRRSZ5B9zlszDDXVyCe9LIfDymiUw6eLTTvOQ+2Dx4ehLmZK1sv7mp1dkZYVieoms2jk7af3MjEjtCdQ==",
      "dev": true
    }
  },
  "dependencies": {
    "@types/mojang-gametest": {
      "version": "0.1.4",
      "resolved": "https://registry.npmjs.org/@types/mojang-gametest/-/mojang-gametest-0.1.4.tgz",
      "integrity": "sha512-rMUhPK8SnepbuL0vE9DfJknhA7LfAMlmtCxqTT9Pb3wEouJ2phvXvXTuo5uDqFxgwMRyISlalycBkR8rL3Od0Q==",
      "dev": true,
      "requires": {
        "@types/mojang-minecraft": "*"
      }
    },
    "@types/mojang-minecraft": {
      "version": "0.1.5",
      "resolved": "https://registry.npmjs.org/@types/mojang-minecraft/-/mojang-minecraft-0.1.5.tgz",
      "integrity": "sha512-q6TcsBiRRSZ5B9zlszDDXVyCe9LIfDymiUw6eLTTvOQ+2Dx4ehLmZK1sv7mp1dkZYVieoms2jk7af3MjEjtCdQ==",
      "dev": true
    }
  }
}
