{
    "name": "floating-text-manager",
    "lockfileVersion": 2,
    "requires": true,
    "packages": {
        "": {
            "devDependencies": {
                "@types/mojang-minecraft": "0.1.5",
                "@types/mojang-minecraft-ui": "0.1.0"
            }
        },
        "node_modules/@types/mojang-minecraft": {
            "version": "0.1.5",
            "resolved": "https://registry.npmjs.org/@types/mojang-minecraft/-/mojang-minecraft-0.1.5.tgz",
            "integrity": "sha512-q6TcsBiRRSZ5B9zlszDDXVyCe9LIfDymiUw6eLTTvOQ+2Dx4ehLmZK1sv7mp1dkZYVieoms2jk7af3MjEjtCdQ==",
            "dev": true
        },
        "node_modules/@types/mojang-minecraft-ui": {
            "version": "0.1.0",
            "resolved": "https://registry.npmjs.org/@types/mojang-minecraft-ui/-/mojang-minecraft-ui-0.1.0.tgz",
            "integrity": "sha512-JGQ3xEPEV4DZsUKM4GgLpoWbLUHyMsN9vLRhClOQItgNd79TireJPGwJ+4bnTWddreL4oqxI32ceIQThG/GoTw==",
            "dev": true,
            "dependencies": {
                "@types/mojang-minecraft": "*"
            }
        }
    },
    "dependencies": {
        "@types/mojang-minecraft": {
            "version": "0.1.5",
            "resolved": "https://registry.npmjs.org/@types/mojang-minecraft/-/mojang-minecraft-0.1.5.tgz",
            "integrity": "sha512-q6TcsBiRRSZ5B9zlszDDXVyCe9LIfDymiUw6eLTTvOQ+2Dx4ehLmZK1sv7mp1dkZYVieoms2jk7af3MjEjtCdQ==",
            "dev": true
        },
        "@types/mojang-minecraft-ui": {
            "version": "0.1.0",
            "resolved": "https://registry.npmjs.org/@types/mojang-minecraft-ui/-/mojang-minecraft-ui-0.1.0.tgz",
            "integrity": "sha512-JGQ3xEPEV4DZsUKM4GgLpoWbLUHyMsN9vLRhClOQItgNd79TireJPGwJ+4bnTWddreL4oqxI32ceIQThG/GoTw==",
            "dev": true,
            "requires": {
                "@types/mojang-minecraft": "*"
            }
        }
    }
}
